
Microsoft Visual Studio Solution File, Format Version 12.00
# Visual Studio Version 17
VisualStudioVersion = 17.13.35931.197 d17.13
MinimumVisualStudioVersion = 10.0.40219.1
Project("{FAE04EC0-301F-11D3-BF4B-00C04F79EFBC}") = "AsyncSqlTool", "AsyncSqlTool\AsyncSqlTool.csproj", "{57F5DC5A-A764-4E4B-9ECF-03F325F903A2}"
EndProject
Global
	GlobalSection(SolutionConfigurationPlatforms) = preSolution
		Debug|Any CPU = Debug|Any CPU
		Release|Any CPU = Release|Any CPU
	EndGlobalSection
	GlobalSection(ProjectConfigurationPlatforms) = postSolution
		{57F5DC5A-A764-4E4B-9ECF-03F325F903A2}.Debug|Any CPU.ActiveCfg = Debug|Any CPU
		{57F5DC5A-A764-4E4B-9ECF-03F325F903A2}.Debug|Any CPU.Build.0 = Debug|Any CPU
		{57F5DC5A-A764-4E4B-9ECF-03F325F903A2}.Release|Any CPU.ActiveCfg = Release|Any CPU
		{57F5DC5A-A764-4E4B-9ECF-03F325F903A2}.Release|Any CPU.Build.0 = Release|Any CPU
	EndGlobalSection
	GlobalSection(SolutionProperties) = preSolution
		HideSolutionNode = FALSE
	EndGlobalSection
	GlobalSection(ExtensibilityGlobals) = postSolution
		SolutionGuid = {B55BFB2D-AD28-44A0-86F2-70F1B65B8608}
	EndGlobalSection
EndGlobal
